
Microsoft Visual Studio Solution File, Format Version 12.00
# Visual Studio Version 17
VisualStudioVersion = 17.0.32112.339
MinimumVisualStudioVersion = 10.0.40219.1
Project("{9A19103F-16F7-4668-BE54-9A1E7A4F7556}") = "CarsBg-System", "CarsBg-System\CarsBg-System.csproj", "{67247377-436E-448C-9BAE-973C4076DCE5}"
EndProject
Project("{FAE04EC0-301F-11D3-BF4B-00C04F79EFBC}") = "CarsBg-System.Tests", "CarsBg-System.Tests\CarsBg-System.Tests.csproj", "{B98347D1-3A91-44A0-8768-B3A047BF21F7}"
EndProject
Global
	GlobalSection(SolutionConfigurationPlatforms) = preSolution
		Debug|Any CPU = Debug|Any CPU
		Release|Any CPU = Release|Any CPU
	EndGlobalSection
	GlobalSection(ProjectConfigurationPlatforms) = postSolution
		{67247377-436E-448C-9BAE-973C4076DCE5}.Debug|Any CPU.ActiveCfg = Debug|Any CPU
		{67247377-436E-448C-9BAE-973C4076DCE5}.Debug|Any CPU.Build.0 = Debug|Any CPU
		{67247377-436E-448C-9BAE-973C4076DCE5}.Release|Any CPU.ActiveCfg = Release|Any CPU
		{67247377-436E-448C-9BAE-973C4076DCE5}.Release|Any CPU.Build.0 = Release|Any CPU
		{B98347D1-3A91-44A0-8768-B3A047BF21F7}.Debug|Any CPU.ActiveCfg = Debug|Any CPU
		{B98347D1-3A91-44A0-8768-B3A047BF21F7}.Debug|Any CPU.Build.0 = Debug|Any CPU
		{B98347D1-3A91-44A0-8768-B3A047BF21F7}.Release|Any CPU.ActiveCfg = Release|Any CPU
		{B98347D1-3A91-44A0-8768-B3A047BF21F7}.Release|Any CPU.Build.0 = Release|Any CPU
	EndGlobalSection
	GlobalSection(SolutionProperties) = preSolution
		HideSolutionNode = FALSE
	EndGlobalSection
	GlobalSection(ExtensibilityGlobals) = postSolution
		SolutionGuid = {0EAEEB7F-AAE7-4F43-9E9F-ADBF0AA73065}
	EndGlobalSection
EndGlobal
